# THIS IS AN AUTOGENERATED FILE. DO NOT EDIT THIS FILE DIRECTLY.
# yarn lockfile v1


ansi-colors@^3.2.1:
  version "3.2.3"
  resolved "https://registry.yarnpkg.com/ansi-colors/-/ansi-colors-3.2.3.tgz#57d35b8686e851e2cc04c403f1c00203976a1813"
  integrity sha512-LEHHyuhlPY3TmuUYMh2oz89lTShfvgbmzaBcxve9t/9Wuy7Dwf4yoAKcND7KFT1HAQfqZ12qtc+DUrBMeKF9nw==

enquirer@^2.3.0:
  version "2.3.0"
  resolved "https://registry.yarnpkg.com/enquirer/-/enquirer-2.3.0.tgz#c362c9d84984ebe854def63caaf12983a16af552"
  integrity sha512-RNGUbRVlfnjmpxV+Ed+7CGu0rg3MK7MmlW+DW0v7V2zdAUBC1s4BxCRiIAozbYB2UJ+q4D+8tW9UFb11kF72/g==
  dependencies:
    ansi-colors "^3.2.1"
